// !$*UTF8*$!
{
	archiveVersion = 1;
	classes = {
	};
	objectVersion = 46;
	objects = {

/* Begin PBXBuildFile section */
		281D695E1DEE38D100AE26E0 /* AppDelegate.swift in Sources */ = {isa = PBXBuildFile; fileRef = 281D695D1DEE38D100AE26E0 /* AppDelegate.swift */; };
		281D69631DEE38D100AE26E0 /* Main.storyboard in Resources */ = {isa = PBXBuildFile; fileRef = 281D69611DEE38D100AE26E0 /* Main.storyboard */; };
		281D69651DEE38D100AE26E0 /* Assets.xcassets in Resources */ = {isa = PBXBuildFile; fileRef = 281D69641DEE38D100AE26E0 /* Assets.xcassets */; };
		281D69681DEE38D100AE26E0 /* LaunchScreen.storyboard in Resources */ = {isa = PBXBuildFile; fileRef = 281D69661DEE38D100AE26E0 /* LaunchScreen.storyboard */; };
		281D69761DEE397300AE26E0 /* MainVC.swift in Sources */ = {isa = PBXBuildFile; fileRef = 281D69751DEE397300AE26E0 /* MainVC.swift */; };
		281D69781DEE3A0D00AE26E0 /* TacoPOPData.csv in Resources */ = {isa = PBXBuildFile; fileRef = 281D69771DEE3A0D00AE26E0 /* TacoPOPData.csv */; };
		281D697A1DEE3A9A00AE26E0 /* DropShadow.swift in Sources */ = {isa = PBXBuildFile; fileRef = 281D69791DEE3A9A00AE26E0 /* DropShadow.swift */; };
		281D697C1DEE3B5400AE26E0 /* HeaderView.swift in Sources */ = {isa = PBXBuildFile; fileRef = 281D697B1DEE3B5400AE26E0 /* HeaderView.swift */; };
		281D697E1DEE53B800AE26E0 /* Taco.swift in Sources */ = {isa = PBXBuildFile; fileRef = 281D697D1DEE53B800AE26E0 /* Taco.swift */; };
		281D69801DEE581100AE26E0 /* DataService.swift in Sources */ = {isa = PBXBuildFile; fileRef = 281D697F1DEE581100AE26E0 /* DataService.swift */; };
		281D69831DEE5AD500AE26E0 /* TacoCell.swift in Sources */ = {isa = PBXBuildFile; fileRef = 281D69811DEE5AD500AE26E0 /* TacoCell.swift */; };
		281D69841DEE5AD500AE26E0 /* TacoCell.xib in Resources */ = {isa = PBXBuildFile; fileRef = 281D69821DEE5AD500AE26E0 /* TacoCell.xib */; };
		281D69861DEE619D00AE26E0 /* ReusableView.swift in Sources */ = {isa = PBXBuildFile; fileRef = 281D69851DEE619D00AE26E0 /* ReusableView.swift */; };
		281D69881DEE623C00AE26E0 /* NibLoadableView.swift in Sources */ = {isa = PBXBuildFile; fileRef = 281D69871DEE623C00AE26E0 /* NibLoadableView.swift */; };
		281D698A1DEE62B300AE26E0 /* UICollectionView+Ext.swift in Sources */ = {isa = PBXBuildFile; fileRef = 281D69891DEE62B300AE26E0 /* UICollectionView+Ext.swift */; };
		28A19E181DEF8B1B00A7EF0E /* MutableCollections + Ext.swift in Sources */ = {isa = PBXBuildFile; fileRef = 28A19E171DEF8B1B00A7EF0E /* MutableCollections + Ext.swift */; };
		28A19E1A1DEF8D1B00A7EF0E /* Shakeable.swift in Sources */ = {isa = PBXBuildFile; fileRef = 28A19E191DEF8D1B00A7EF0E /* Shakeable.swift */; };
/* End PBXBuildFile section */

/* Begin PBXFileReference section */
		281D695A1DEE38D100AE26E0 /* TacoPop.app */ = {isa = PBXFileReference; explicitFileType = wrapper.application; includeInIndex = 0; path = TacoPop.app; sourceTree = BUILT_PRODUCTS_DIR; };
		281D695D1DEE38D100AE26E0 /* AppDelegate.swift */ = {isa = PBXFileReference; lastKnownFileType = sourcecode.swift; path = AppDelegate.swift; sourceTree = "<group>"; };
		281D69621DEE38D100AE26E0 /* Base */ = {isa = PBXFileReference; lastKnownFileType = file.storyboard; name = Base; path = Base.lproj/Main.storyboard; sourceTree = "<group>"; };
		281D69641DEE38D100AE26E0 /* Assets.xcassets */ = {isa = PBXFileReference; lastKnownFileType = folder.assetcatalog; path = Assets.xcassets; sourceTree = "<group>"; };
		281D69671DEE38D100AE26E0 /* Base */ = {isa = PBXFileReference; lastKnownFileType = file.storyboard; name = Base; path = Base.lproj/LaunchScreen.storyboard; sourceTree = "<group>"; };
		281D69691DEE38D100AE26E0 /* Info.plist */ = {isa = PBXFileReference; lastKnownFileType = text.plist.xml; path = Info.plist; sourceTree = "<group>"; };
		281D69751DEE397300AE26E0 /* MainVC.swift */ = {isa = PBXFileReference; fileEncoding = 4; lastKnownFileType = sourcecode.swift; path = MainVC.swift; sourceTree = "<group>"; };
		281D69771DEE3A0D00AE26E0 /* TacoPOPData.csv */ = {isa = PBXFileReference; fileEncoding = 4; lastKnownFileType = text; path = TacoPOPData.csv; sourceTree = "<group>"; };
		281D69791DEE3A9A00AE26E0 /* DropShadow.swift */ = {isa = PBXFileReference; fileEncoding = 4; lastKnownFileType = sourcecode.swift; path = DropShadow.swift; sourceTree = "<group>"; };
		281D697B1DEE3B5400AE26E0 /* HeaderView.swift */ = {isa = PBXFileReference; fileEncoding = 4; lastKnownFileType = sourcecode.swift; path = HeaderView.swift; sourceTree = "<group>"; };
		281D697D1DEE53B800AE26E0 /* Taco.swift */ = {isa = PBXFileReference; fileEncoding = 4; lastKnownFileType = sourcecode.swift; path = Taco.swift; sourceTree = "<group>"; };
		281D697F1DEE581100AE26E0 /* DataService.swift */ = {isa = PBXFileReference; fileEncoding = 4; lastKnownFileType = sourcecode.swift; path = DataService.swift; sourceTree = "<group>"; };
		281D69811DEE5AD500AE26E0 /* TacoCell.swift */ = {isa = PBXFileReference; fileEncoding = 4; lastKnownFileType = sourcecode.swift; path = TacoCell.swift; sourceTree = "<group>"; };
		281D69821DEE5AD500AE26E0 /* TacoCell.xib */ = {isa = PBXFileReference; fileEncoding = 4; lastKnownFileType = file.xib; path = TacoCell.xib; sourceTree = "<group>"; };
		281D69851DEE619D00AE26E0 /* ReusableView.swift */ = {isa = PBXFileReference; fileEncoding = 4; lastKnownFileType = sourcecode.swift; path = ReusableView.swift; sourceTree = "<group>"; };
		281D69871DEE623C00AE26E0 /* NibLoadableView.swift */ = {isa = PBXFileReference; fileEncoding = 4; lastKnownFileType = sourcecode.swift; path = NibLoadableView.swift; sourceTree = "<group>"; };
		281D69891DEE62B300AE26E0 /* UICollectionView+Ext.swift */ = {isa = PBXFileReference; fileEncoding = 4; lastKnownFileType = sourcecode.swift; path = "UICollectionView+Ext.swift"; sourceTree = "<group>"; };
		28A19E171DEF8B1B00A7EF0E /* MutableCollections + Ext.swift */ = {isa = PBXFileReference; fileEncoding = 4; lastKnownFileType = sourcecode.swift; path = "MutableCollections + Ext.swift"; sourceTree = "<group>"; };
		28A19E191DEF8D1B00A7EF0E /* Shakeable.swift */ = {isa = PBXFileReference; fileEncoding = 4; lastKnownFileType = sourcecode.swift; path = Shakeable.swift; sourceTree = "<group>"; };
/* End PBXFileReference section */

/* Begin PBXFrameworksBuildPhase section */
		281D69571DEE38D000AE26E0 /* Frameworks */ = {
			isa = PBXFrameworksBuildPhase;
			buildActionMask = 2147483647;
			files = (
			);
			runOnlyForDeploymentPostprocessing = 0;
		};
/* End PBXFrameworksBuildPhase section */

/* Begin PBXGroup section */
		281D69511DEE38D000AE26E0 = {
			isa = PBXGroup;
			children = (
				281D695C1DEE38D100AE26E0 /* TacoPop */,
				281D695B1DEE38D100AE26E0 /* Products */,
			);
			sourceTree = "<group>";
		};
		281D695B1DEE38D100AE26E0 /* Products */ = {
			isa = PBXGroup;
			children = (
				281D695A1DEE38D100AE26E0 /* TacoPop.app */,
			);
			name = Products;
			sourceTree = "<group>";
		};
		281D695C1DEE38D100AE26E0 /* TacoPop */ = {
			isa = PBXGroup;
			children = (
				281D69731DEE38F900AE26E0 /* Extension */,
				281D69721DEE38F000AE26E0 /* Protocol */,
				281D696F1DEE38DA00AE26E0 /* Model */,
				281D69701DEE38E100AE26E0 /* View */,
				281D69741DEE390000AE26E0 /* Controller */,
				281D69711DEE38E800AE26E0 /* Resources */,
			);
			path = TacoPop;
			sourceTree = "<group>";
		};
		281D696F1DEE38DA00AE26E0 /* Model */ = {
			isa = PBXGroup;
			children = (
				281D697D1DEE53B800AE26E0 /* Taco.swift */,
				281D697F1DEE581100AE26E0 /* DataService.swift */,
			);
			name = Model;
			sourceTree = "<group>";
		};
		281D69701DEE38E100AE26E0 /* View */ = {
			isa = PBXGroup;
			children = (
				281D69611DEE38D100AE26E0 /* Main.storyboard */,
				281D69661DEE38D100AE26E0 /* LaunchScreen.storyboard */,
				281D69811DEE5AD500AE26E0 /* TacoCell.swift */,
				281D69821DEE5AD500AE26E0 /* TacoCell.xib */,
			);
			name = View;
			sourceTree = "<group>";
		};
		281D69711DEE38E800AE26E0 /* Resources */ = {
			isa = PBXGroup;
			children = (
				281D69771DEE3A0D00AE26E0 /* TacoPOPData.csv */,
				281D69641DEE38D100AE26E0 /* Assets.xcassets */,
				281D69691DEE38D100AE26E0 /* Info.plist */,
			);
			name = Resources;
			sourceTree = "<group>";
		};
		281D69721DEE38F000AE26E0 /* Protocol */ = {
			isa = PBXGroup;
			children = (
				281D69791DEE3A9A00AE26E0 /* DropShadow.swift */,
				281D697B1DEE3B5400AE26E0 /* HeaderView.swift */,
				281D69851DEE619D00AE26E0 /* ReusableView.swift */,
				281D69871DEE623C00AE26E0 /* NibLoadableView.swift */,
				28A19E191DEF8D1B00A7EF0E /* Shakeable.swift */,
			);
			name = Protocol;
			sourceTree = "<group>";
		};
		281D69731DEE38F900AE26E0 /* Extension */ = {
			isa = PBXGroup;
			children = (
				281D69891DEE62B300AE26E0 /* UICollectionView+Ext.swift */,
				28A19E171DEF8B1B00A7EF0E /* MutableCollections + Ext.swift */,
			);
			name = Extension;
			sourceTree = "<group>";
		};
		281D69741DEE390000AE26E0 /* Controller */ = {
			isa = PBXGroup;
			children = (
				281D695D1DEE38D100AE26E0 /* AppDelegate.swift */,
				281D69751DEE397300AE26E0 /* MainVC.swift */,
			);
			name = Controller;
			sourceTree = "<group>";
		};
/* End PBXGroup section */

/* Begin PBXNativeTarget section */
		281D69591DEE38D000AE26E0 /* TacoPop */ = {
			isa = PBXNativeTarget;
			buildConfigurationList = 281D696C1DEE38D100AE26E0 /* Build configuration list for PBXNativeTarget "TacoPop" */;
			buildPhases = (
				281D69561DEE38D000AE26E0 /* Sources */,
				281D69571DEE38D000AE26E0 /* Frameworks */,
				281D69581DEE38D000AE26E0 /* Resources */,
			);
			buildRules = (
			);
			dependencies = (
			);
			name = TacoPop;
			productName = TacoPop;
			productReference = 281D695A1DEE38D100AE26E0 /* TacoPop.app */;
			productType = "com.apple.product-type.application";
		};
/* End PBXNativeTarget section */

/* Begin PBXProject section */
		281D69521DEE38D000AE26E0 /* Project object */ = {
			isa = PBXProject;
			attributes = {
				LastSwiftUpdateCheck = 0810;
				LastUpgradeCheck = 0810;
				ORGANIZATIONNAME = DreamDev;
				TargetAttributes = {
					281D69591DEE38D000AE26E0 = {
						CreatedOnToolsVersion = 8.1;
						DevelopmentTeam = Q9QJZL48ZZ;
						ProvisioningStyle = Automatic;
					};
				};
			};
			buildConfigurationList = 281D69551DEE38D000AE26E0 /* Build configuration list for PBXProject "TacoPop" */;
			compatibilityVersion = "Xcode 3.2";
			developmentRegion = English;
			hasScannedForEncodings = 0;
			knownRegions = (
				en,
				Base,
			);
			mainGroup = 281D69511DEE38D000AE26E0;
			productRefGroup = 281D695B1DEE38D100AE26E0 /* Products */;
			projectDirPath = "";
			projectRoot = "";
			targets = (
				281D69591DEE38D000AE26E0 /* TacoPop */,
			);
		};
/* End PBXProject section */

/* Begin PBXResourcesBuildPhase section */
		281D69581DEE38D000AE26E0 /* Resources */ = {
			isa = PBXResourcesBuildPhase;
			buildActionMask = 2147483647;
			files = (
				281D69681DEE38D100AE26E0 /* LaunchScreen.storyboard in Resources */,
				281D69781DEE3A0D00AE26E0 /* TacoPOPData.csv in Resources */,
				281D69651DEE38D100AE26E0 /* Assets.xcassets in Resources */,
				281D69631DEE38D100AE26E0 /* Main.storyboard in Resources */,
				281D69841DEE5AD500AE26E0 /* TacoCell.xib in Resources */,
			);
			runOnlyForDeploymentPostprocessing = 0;
		};
/* End PBXResourcesBuildPhase section */

/* Begin PBXSourcesBuildPhase section */
		281D69561DEE38D000AE26E0 /* Sources */ = {
			isa = PBXSourcesBuildPhase;
			buildActionMask = 2147483647;
			files = (
				281D69831DEE5AD500AE26E0 /* TacoCell.swift in Sources */,
				28A19E181DEF8B1B00A7EF0E /* MutableCollections + Ext.swift in Sources */,
				281D695E1DEE38D100AE26E0 /* AppDelegate.swift in Sources */,
				281D697A1DEE3A9A00AE26E0 /* DropShadow.swift in Sources */,
				281D69881DEE623C00AE26E0 /* NibLoadableView.swift in Sources */,
				281D698A1DEE62B300AE26E0 /* UICollectionView+Ext.swift in Sources */,
				281D69861DEE619D00AE26E0 /* ReusableView.swift in Sources */,
				281D69761DEE397300AE26E0 /* MainVC.swift in Sources */,
				281D69801DEE581100AE26E0 /* DataService.swift in Sources */,
				281D697E1DEE53B800AE26E0 /* Taco.swift in Sources */,
				28A19E1A1DEF8D1B00A7EF0E /* Shakeable.swift in Sources */,
				281D697C1DEE3B5400AE26E0 /* HeaderView.swift in Sources */,
			);
			runOnlyForDeploymentPostprocessing = 0;
		};
/* End PBXSourcesBuildPhase section */

/* Begin PBXVariantGroup section */
		281D69611DEE38D100AE26E0 /* Main.storyboard */ = {
			isa = PBXVariantGroup;
			children = (
				281D69621DEE38D100AE26E0 /* Base */,
			);
			name = Main.storyboard;
			sourceTree = "<group>";
		};
		281D69661DEE38D100AE26E0 /* LaunchScreen.storyboard */ = {
			isa = PBXVariantGroup;
			children = (
				281D69671DEE38D100AE26E0 /* Base */,
			);
			name = LaunchScreen.storyboard;
			sourceTree = "<group>";
		};
/* End PBXVariantGroup section */

/* Begin XCBuildConfiguration section */
		281D696A1DEE38D100AE26E0 /* Debug */ = {
			isa = XCBuildConfiguration;
			buildSettings = {
				ALWAYS_SEARCH_USER_PATHS = NO;
				CLANG_ANALYZER_NONNULL = YES;
				CLANG_CXX_LANGUAGE_STANDARD = "gnu++0x";
				CLANG_CXX_LIBRARY = "libc++";
				CLANG_ENABLE_MODULES = YES;
				CLANG_ENABLE_OBJC_ARC = YES;
				CLANG_WARN_BOOL_CONVERSION = YES;
				CLANG_WARN_CONSTANT_CONVERSION = YES;
				CLANG_WARN_DIRECT_OBJC_ISA_USAGE = YES_ERROR;
				CLANG_WARN_DOCUMENTATION_COMMENTS = YES;
				CLANG_WARN_EMPTY_BODY = YES;
				CLANG_WARN_ENUM_CONVERSION = YES;
				CLANG_WARN_INFINITE_RECURSION = YES;
				CLANG_WARN_INT_CONVERSION = YES;
				CLANG_WARN_OBJC_ROOT_CLASS = YES_ERROR;
				CLANG_WARN_SUSPICIOUS_MOVES = YES;
				CLANG_WARN_UNREACHABLE_CODE = YES;
				CLANG_WARN__DUPLICATE_METHOD_MATCH = YES;
				"CODE_SIGN_IDENTITY[sdk=iphoneos*]" = "iPhone Developer";
				COPY_PHASE_STRIP = NO;
				DEBUG_INFORMATION_FORMAT = dwarf;
				ENABLE_STRICT_OBJC_MSGSEND = YES;
				ENABLE_TESTABILITY = YES;
				GCC_C_LANGUAGE_STANDARD = gnu99;
				GCC_DYNAMIC_NO_PIC = NO;
				GCC_NO_COMMON_BLOCKS = YES;
				GCC_OPTIMIZATION_LEVEL = 0;
				GCC_PREPROCESSOR_DEFINITIONS = (
					"DEBUG=1",
					"$(inherited)",
				);
				GCC_WARN_64_TO_32_BIT_CONVERSION = YES;
				GCC_WARN_ABOUT_RETURN_TYPE = YES_ERROR;
				GCC_WARN_UNDECLARED_SELECTOR = YES;
				GCC_WARN_UNINITIALIZED_AUTOS = YES_AGGRESSIVE;
				GCC_WARN_UNUSED_FUNCTION = YES;
				GCC_WARN_UNUSED_VARIABLE = YES;
				IPHONEOS_DEPLOYMENT_TARGET = 10.1;
				MTL_ENABLE_DEBUG_INFO = YES;
				ONLY_ACTIVE_ARCH = YES;
				SDKROOT = iphoneos;
				SWIFT_ACTIVE_COMPILATION_CONDITIONS = DEBUG;
				SWIFT_OPTIMIZATION_LEVEL = "-Onone";
				TARGETED_DEVICE_FAMILY = "1,2";
			};
			name = Debug;
		};
		281D696B1DEE38D100AE26E0 /* Release */ = {
			isa = XCBuildConfiguration;
			buildSettings = {
				ALWAYS_SEARCH_USER_PATHS = NO;
				CLANG_ANALYZER_NONNULL = YES;
				CLANG_CXX_LANGUAGE_STANDARD = "gnu++0x";
				CLANG_CXX_LIBRARY = "libc++";
				CLANG_ENABLE_MODULES = YES;
				CLANG_ENABLE_OBJC_ARC = YES;
				CLANG_WARN_BOOL_CONVERSION = YES;
				CLANG_WARN_CONSTANT_CONVERSION = YES;
				CLANG_WARN_DIRECT_OBJC_ISA_USAGE = YES_ERROR;
				CLANG_WARN_DOCUMENTATION_COMMENTS = YES;
				CLANG_WARN_EMPTY_BODY = YES;
				CLANG_WARN_ENUM_CONVERSION = YES;
				CLANG_WARN_INFINITE_RECURSION = YES;
				CLANG_WARN_INT_CONVERSION = YES;
				CLANG_WARN_OBJC_ROOT_CLASS = YES_ERROR;
				CLANG_WARN_SUSPICIOUS_MOVES = YES;
				CLANG_WARN_UNREACHABLE_CODE = YES;
				CLANG_WARN__DUPLICATE_METHOD_MATCH = YES;
				"CODE_SIGN_IDENTITY[sdk=iphoneos*]" = "iPhone Developer";
				COPY_PHASE_STRIP = NO;
				DEBUG_INFORMATION_FORMAT = "dwarf-with-dsym";
				ENABLE_NS_ASSERTIONS = NO;
				ENABLE_STRICT_OBJC_MSGSEND = YES;
				GCC_C_LANGUAGE_STANDARD = gnu99;
				GCC_NO_COMMON_BLOCKS = YES;
				GCC_WARN_64_TO_32_BIT_CONVERSION = YES;
				GCC_WARN_ABOUT_RETURN_TYPE = YES_ERROR;
				GCC_WARN_UNDECLARED_SELECTOR = YES;
				GCC_WARN_UNINITIALIZED_AUTOS = YES_AGGRESSIVE;
				GCC_WARN_UNUSED_FUNCTION = YES;
				GCC_WARN_UNUSED_VARIABLE = YES;
				IPHONEOS_DEPLOYMENT_TARGET = 10.1;
				MTL_ENABLE_DEBUG_INFO = NO;
				SDKROOT = iphoneos;
				SWIFT_OPTIMIZATION_LEVEL = "-Owholemodule";
				TARGETED_DEVICE_FAMILY = "1,2";
				VALIDATE_PRODUCT = YES;
			};
			name = Release;
		};
		281D696D1DEE38D100AE26E0 /* Debug */ = {
			isa = XCBuildConfiguration;
			buildSettings = {
				ASSETCATALOG_COMPILER_APPICON_NAME = AppIcon;
				DEVELOPMENT_TEAM = Q9QJZL48ZZ;
				INFOPLIST_FILE = TacoPop/Info.plist;
				LD_RUNPATH_SEARCH_PATHS = "$(inherited) @executable_path/Frameworks";
				PRODUCT_BUNDLE_IDENTIFIER = DreamDev.TacoPop;
				PRODUCT_NAME = "$(TARGET_NAME)";
				SWIFT_VERSION = 3.0;
			};
			name = Debug;
		};
		281D696E1DEE38D100AE26E0 /* Release */ = {
			isa = XCBuildConfiguration;
			buildSettings = {
				ASSETCATALOG_COMPILER_APPICON_NAME = AppIcon;
				DEVELOPMENT_TEAM = Q9QJZL48ZZ;
				INFOPLIST_FILE = TacoPop/Info.plist;
				LD_RUNPATH_SEARCH_PATHS = "$(inherited) @executable_path/Frameworks";
				PRODUCT_BUNDLE_IDENTIFIER = DreamDev.TacoPop;
				PRODUCT_NAME = "$(TARGET_NAME)";
				SWIFT_VERSION = 3.0;
			};
			name = Release;
		};
/* End XCBuildConfiguration section */

/* Begin XCConfigurationList section */
		281D69551DEE38D000AE26E0 /* Build configuration list for PBXProject "TacoPop" */ = {
			isa = XCConfigurationList;
			buildConfigurations = (
				281D696A1DEE38D100AE26E0 /* Debug */,
				281D696B1DEE38D100AE26E0 /* Release */,
			);
			defaultConfigurationIsVisible = 0;
			defaultConfigurationName = Release;
		};
		281D696C1DEE38D100AE26E0 /* Build configuration list for PBXNativeTarget "TacoPop" */ = {
			isa = XCConfigurationList;
			buildConfigurations = (
				281D696D1DEE38D100AE26E0 /* Debug */,
				281D696E1DEE38D100AE26E0 /* Release */,
			);
			defaultConfigurationIsVisible = 0;
			defaultConfigurationName = Release;
		};
/* End XCConfigurationList section */
	};
	rootObject = 281D69521DEE38D000AE26E0 /* Project object */;
}
